
Microsoft Visual Studio Solution File, Format Version 12.00
# Visual Studio Version 17
VisualStudioVersion = 17.12.35707.178 d17.12
MinimumVisualStudioVersion = 10.0.40219.1
Project("{FAE04EC0-301F-11D3-BF4B-00C04F79EFBC}") = "TipCalculatorApplication", "TipCalculatorApplication\TipCalculatorApplication.csproj", "{C88444D3-1EC8-4DA0-A1ED-C5A16510F16D}"
EndProject
Global
	GlobalSection(SolutionConfigurationPlatforms) = preSolution
		Debug|Any CPU = Debug|Any CPU
		Release|Any CPU = Release|Any CPU
	EndGlobalSection
	GlobalSection(ProjectConfigurationPlatforms) = postSolution
		{C88444D3-1EC8-4DA0-A1ED-C5A16510F16D}.Debug|Any CPU.ActiveCfg = Debug|Any CPU
		{C88444D3-1EC8-4DA0-A1ED-C5A16510F16D}.Debug|Any CPU.Build.0 = Debug|Any CPU
		{C88444D3-1EC8-4DA0-A1ED-C5A16510F16D}.Release|Any CPU.ActiveCfg = Release|Any CPU
		{C88444D3-1EC8-4DA0-A1ED-C5A16510F16D}.Release|Any CPU.Build.0 = Release|Any CPU
	EndGlobalSection
	GlobalSection(SolutionProperties) = preSolution
		HideSolutionNode = FALSE
	EndGlobalSection
EndGlobal
